
Microsoft Visual Studio Solution File, Format Version 12.00
# Visual Studio 15
VisualStudioVersion = 15.0.26124.0
MinimumVisualStudioVersion = 15.0.26124.0
Project("{FAE04EC0-301F-11D3-BF4B-00C04F79EFBC}") = "PizzaBox.Client", "PizzaBox.Client\PizzaBox.Client.csproj", "{E848DE54-35F6-45A4-98EA-6E2F3243B6E5}"
EndProject
Project("{FAE04EC0-301F-11D3-BF4B-00C04F79EFBC}") = "PizzaBox.Domain", "PizzaBox.Domain\PizzaBox.Domain.csproj", "{5DF6B2B2-66D2-437A-977B-4C6B3ADE19FF}"
EndProject
Project("{FAE04EC0-301F-11D3-BF4B-00C04F79EFBC}") = "PizzaBox.Storage", "PizzaBox.Storage\PizzaBox.Storage.csproj", "{816CCEBA-C7EC-4A1B-9C73-5A6A2795727B}"
EndProject
Project("{FAE04EC0-301F-11D3-BF4B-00C04F79EFBC}") = "PizzaBox.Testing", "PizzaBox.Testing\PizzaBox.Testing.csproj", "{440B8FFD-6A38-4CB7-B9C6-CD2D89FB7C07}"
EndProject
Global
	GlobalSection(SolutionConfigurationPlatforms) = preSolution
		Debug|Any CPU = Debug|Any CPU
		Debug|x64 = Debug|x64
		Debug|x86 = Debug|x86
		Release|Any CPU = Release|Any CPU
		Release|x64 = Release|x64
		Release|x86 = Release|x86
	EndGlobalSection
	GlobalSection(SolutionProperties) = preSolution
		HideSolutionNode = FALSE
	EndGlobalSection
	GlobalSection(ProjectConfigurationPlatforms) = postSolution
		{E848DE54-35F6-45A4-98EA-6E2F3243B6E5}.Debug|Any CPU.ActiveCfg = Debug|Any CPU
		{E848DE54-35F6-45A4-98EA-6E2F3243B6E5}.Debug|Any CPU.Build.0 = Debug|Any CPU
		{E848DE54-35F6-45A4-98EA-6E2F3243B6E5}.Debug|x64.ActiveCfg = Debug|Any CPU
		{E848DE54-35F6-45A4-98EA-6E2F3243B6E5}.Debug|x64.Build.0 = Debug|Any CPU
		{E848DE54-35F6-45A4-98EA-6E2F3243B6E5}.Debug|x86.ActiveCfg = Debug|Any CPU
		{E848DE54-35F6-45A4-98EA-6E2F3243B6E5}.Debug|x86.Build.0 = Debug|Any CPU
		{E848DE54-35F6-45A4-98EA-6E2F3243B6E5}.Release|Any CPU.ActiveCfg = Release|Any CPU
		{E848DE54-35F6-45A4-98EA-6E2F3243B6E5}.Release|Any CPU.Build.0 = Release|Any CPU
		{E848DE54-35F6-45A4-98EA-6E2F3243B6E5}.Release|x64.ActiveCfg = Release|Any CPU
		{E848DE54-35F6-45A4-98EA-6E2F3243B6E5}.Release|x64.Build.0 = Release|Any CPU
		{E848DE54-35F6-45A4-98EA-6E2F3243B6E5}.Release|x86.ActiveCfg = Release|Any CPU
		{E848DE54-35F6-45A4-98EA-6E2F3243B6E5}.Release|x86.Build.0 = Release|Any CPU
		{5DF6B2B2-66D2-437A-977B-4C6B3ADE19FF}.Debug|Any CPU.ActiveCfg = Debug|Any CPU
		{5DF6B2B2-66D2-437A-977B-4C6B3ADE19FF}.Debug|Any CPU.Build.0 = Debug|Any CPU
		{5DF6B2B2-66D2-437A-977B-4C6B3ADE19FF}.Debug|x64.ActiveCfg = Debug|Any CPU
		{5DF6B2B2-66D2-437A-977B-4C6B3ADE19FF}.Debug|x64.Build.0 = Debug|Any CPU
		{5DF6B2B2-66D2-437A-977B-4C6B3ADE19FF}.Debug|x86.ActiveCfg = Debug|Any CPU
		{5DF6B2B2-66D2-437A-977B-4C6B3ADE19FF}.Debug|x86.Build.0 = Debug|Any CPU
		{5DF6B2B2-66D2-437A-977B-4C6B3ADE19FF}.Release|Any CPU.ActiveCfg = Release|Any CPU
		{5DF6B2B2-66D2-437A-977B-4C6B3ADE19FF}.Release|Any CPU.Build.0 = Release|Any CPU
		{5DF6B2B2-66D2-437A-977B-4C6B3ADE19FF}.Release|x64.ActiveCfg = Release|Any CPU
		{5DF6B2B2-66D2-437A-977B-4C6B3ADE19FF}.Release|x64.Build.0 = Release|Any CPU
		{5DF6B2B2-66D2-437A-977B-4C6B3ADE19FF}.Release|x86.ActiveCfg = Release|Any CPU
		{5DF6B2B2-66D2-437A-977B-4C6B3ADE19FF}.Release|x86.Build.0 = Release|Any CPU
		{816CCEBA-C7EC-4A1B-9C73-5A6A2795727B}.Debug|Any CPU.ActiveCfg = Debug|Any CPU
		{816CCEBA-C7EC-4A1B-9C73-5A6A2795727B}.Debug|Any CPU.Build.0 = Debug|Any CPU
		{816CCEBA-C7EC-4A1B-9C73-5A6A2795727B}.Debug|x64.ActiveCfg = Debug|Any CPU
		{816CCEBA-C7EC-4A1B-9C73-5A6A2795727B}.Debug|x64.Build.0 = Debug|Any CPU
		{816CCEBA-C7EC-4A1B-9C73-5A6A2795727B}.Debug|x86.ActiveCfg = Debug|Any CPU
		{816CCEBA-C7EC-4A1B-9C73-5A6A2795727B}.Debug|x86.Build.0 = Debug|Any CPU
		{816CCEBA-C7EC-4A1B-9C73-5A6A2795727B}.Release|Any CPU.ActiveCfg = Release|Any CPU
		{816CCEBA-C7EC-4A1B-9C73-5A6A2795727B}.Release|Any CPU.Build.0 = Release|Any CPU
		{816CCEBA-C7EC-4A1B-9C73-5A6A2795727B}.Release|x64.ActiveCfg = Release|Any CPU
		{816CCEBA-C7EC-4A1B-9C73-5A6A2795727B}.Release|x64.Build.0 = Release|Any CPU
		{816CCEBA-C7EC-4A1B-9C73-5A6A2795727B}.Release|x86.ActiveCfg = Release|Any CPU
		{816CCEBA-C7EC-4A1B-9C73-5A6A2795727B}.Release|x86.Build.0 = Release|Any CPU
		{440B8FFD-6A38-4CB7-B9C6-CD2D89FB7C07}.Debug|Any CPU.ActiveCfg = Debug|Any CPU
		{440B8FFD-6A38-4CB7-B9C6-CD2D89FB7C07}.Debug|Any CPU.Build.0 = Debug|Any CPU
		{440B8FFD-6A38-4CB7-B9C6-CD2D89FB7C07}.Debug|x64.ActiveCfg = Debug|Any CPU
		{440B8FFD-6A38-4CB7-B9C6-CD2D89FB7C07}.Debug|x64.Build.0 = Debug|Any CPU
		{440B8FFD-6A38-4CB7-B9C6-CD2D89FB7C07}.Debug|x86.ActiveCfg = Debug|Any CPU
		{440B8FFD-6A38-4CB7-B9C6-CD2D89FB7C07}.Debug|x86.Build.0 = Debug|Any CPU
		{440B8FFD-6A38-4CB7-B9C6-CD2D89FB7C07}.Release|Any CPU.ActiveCfg = Release|Any CPU
		{440B8FFD-6A38-4CB7-B9C6-CD2D89FB7C07}.Release|Any CPU.Build.0 = Release|Any CPU
		{440B8FFD-6A38-4CB7-B9C6-CD2D89FB7C07}.Release|x64.ActiveCfg = Release|Any CPU
		{440B8FFD-6A38-4CB7-B9C6-CD2D89FB7C07}.Release|x64.Build.0 = Release|Any CPU
		{440B8FFD-6A38-4CB7-B9C6-CD2D89FB7C07}.Release|x86.ActiveCfg = Release|Any CPU
		{440B8FFD-6A38-4CB7-B9C6-CD2D89FB7C07}.Release|x86.Build.0 = Release|Any CPU
	EndGlobalSection
EndGlobal
